
Microsoft Visual Studio Solution File, Format Version 12.00
# Visual Studio Version 17
VisualStudioVersion = 17.12.35521.163 d17.12
MinimumVisualStudioVersion = 10.0.40219.1
Project("{2150E333-8FDC-42A3-9474-1A3956D46DE8}") = "Solution Items", "Solution Items", "{20A0A657-9973-4327-ACC4-26F3BC899C8C}"
	ProjectSection(SolutionItems) = preProject
		.editorconfig = .editorconfig
		Directory.Build.props = Directory.Build.props
		.github\workflows\build.yml = .github\workflows\build.yml
	EndProjectSection
EndProject
Project("{2150E333-8FDC-42A3-9474-1A3956D46DE8}") = "src", "src", "{16F4D176-E8FC-4F54-8C35-3AA0589638C9}"
EndProject
Project("{2150E333-8FDC-42A3-9474-1A3956D46DE8}") = "API", "API", "{C4B448A7-8670-425E-B3F5-60A6504B4AA0}"
EndProject
Project("{2150E333-8FDC-42A3-9474-1A3956D46DE8}") = "Modules", "Modules", "{2CA509E9-F26F-47B9-8895-1B3D75B9CD6A}"
EndProject
Project("{2150E333-8FDC-42A3-9474-1A3956D46DE8}") = "Events", "Events", "{834033DA-E769-4830-B924-FE48D1ED27BF}"
EndProject
Project("{FAE04EC0-301F-11D3-BF4B-00C04F79EFBC}") = "Evently.Api", "src\API\Evently.Api\Evently.Api.csproj", "{B0E9FD30-8E0A-48CD-93BB-BEDF00ABEAB7}"
EndProject
Project("{E53339B2-1760-4266-BCC7-CA923CBCF16C}") = "docker-compose", "docker-compose.dcproj", "{7748B0FB-DBC2-4674-B422-A338C39EB6CF}"
EndProject
Project("{FAE04EC0-301F-11D3-BF4B-00C04F79EFBC}") = "Evently.Modules.Events.Domain", "src\Modules\Events\Evently.Modules.Events.Domain\Evently.Modules.Events.Domain.csproj", "{7A6EBAF2-345C-4308-8B52-23E413EFF781}"
EndProject
Project("{FAE04EC0-301F-11D3-BF4B-00C04F79EFBC}") = "Evently.Modules.Events.Application", "src\Modules\Events\Evently.Modules.Events.Application\Evently.Modules.Events.Application.csproj", "{5A202AE4-4065-4024-889E-87620426DF97}"
EndProject
Project("{FAE04EC0-301F-11D3-BF4B-00C04F79EFBC}") = "Evently.Modules.Events.Infrastructure", "src\Modules\Events\Evently.Modules.Events.Infrastructure\Evently.Modules.Events.Infrastructure.csproj", "{309BAE62-7015-40FB-81AB-DDD0278B262A}"
EndProject
Project("{FAE04EC0-301F-11D3-BF4B-00C04F79EFBC}") = "Evently.Modules.Events.Presentation", "src\Modules\Events\Evently.Modules.Events.Presentation\Evently.Modules.Events.Presentation.csproj", "{26A9836F-3DB0-4D37-852A-5342932B3611}"
EndProject
Project("{2150E333-8FDC-42A3-9474-1A3956D46DE8}") = "Common", "Common", "{C743F4F0-D0F7-474F-9D24-C24430E856F9}"
EndProject
Project("{FAE04EC0-301F-11D3-BF4B-00C04F79EFBC}") = "Evently.Common.Application", "src\Common\Evently.Common.Application\Evently.Common.Application.csproj", "{3B521FB8-534A-4457-90C1-72F9D853EB82}"
EndProject
Project("{FAE04EC0-301F-11D3-BF4B-00C04F79EFBC}") = "Evently.Common.Domain", "src\Common\Evently.Common.Domain\Evently.Common.Domain.csproj", "{AED527F7-4545-4B02-8F73-CB4D21A7B043}"
EndProject
Project("{FAE04EC0-301F-11D3-BF4B-00C04F79EFBC}") = "Evently.Common.Infrastructure", "src\Common\Evently.Common.Infrastructure\Evently.Common.Infrastructure.csproj", "{A54CEABC-4CEA-4E9D-AC68-E017C8F0DC72}"
EndProject
Project("{FAE04EC0-301F-11D3-BF4B-00C04F79EFBC}") = "Evently.Common.Presentation", "src\Common\Evently.Common.Presentation\Evently.Common.Presentation.csproj", "{92C6364F-40DC-4DEE-851C-757DB5FECBC1}"
EndProject
Project("{2150E333-8FDC-42A3-9474-1A3956D46DE8}") = "Users", "Users", "{1D4AE57F-07FB-4AD7-AD23-495153664C28}"
EndProject
Project("{FAE04EC0-301F-11D3-BF4B-00C04F79EFBC}") = "Evently.Modules.Users.Application", "src\Modules\Users\Evently.Modules.Users.Application\Evently.Modules.Users.Application.csproj", "{9842F461-D18B-405D-84DD-E9438BBCB28B}"
EndProject
Project("{FAE04EC0-301F-11D3-BF4B-00C04F79EFBC}") = "Evently.Modules.Users.Domain", "src\Modules\Users\Evently.Modules.Users.Domain\Evently.Modules.Users.Domain.csproj", "{9D79A7B5-7DA1-4DAF-BDD8-54EB9115D2E3}"
EndProject
Project("{FAE04EC0-301F-11D3-BF4B-00C04F79EFBC}") = "Evently.Modules.Users.Infrastructure", "src\Modules\Users\Evently.Modules.Users.Infrastructure\Evently.Modules.Users.Infrastructure.csproj", "{CC475E56-3CBE-4D20-9ADE-F6511F7C5C45}"
EndProject
Project("{FAE04EC0-301F-11D3-BF4B-00C04F79EFBC}") = "Evently.Modules.Users.Presentation", "src\Modules\Users\Evently.Modules.Users.Presentation\Evently.Modules.Users.Presentation.csproj", "{E033D5F9-3031-4CA7-933F-879243D78A17}"
EndProject
Project("{2150E333-8FDC-42A3-9474-1A3956D46DE8}") = "Ticketing", "Ticketing", "{91CA965A-15E3-4819-8A0B-45F014D617A4}"
EndProject
Project("{FAE04EC0-301F-11D3-BF4B-00C04F79EFBC}") = "Evently.Modules.Ticketing.Application", "src\Modules\Ticketing\Evently.Modules.Ticketing.Application\Evently.Modules.Ticketing.Application.csproj", "{43C473D8-03C4-4AA5-8A36-9D54B988BA65}"
EndProject
Project("{FAE04EC0-301F-11D3-BF4B-00C04F79EFBC}") = "Evently.Modules.Ticketing.Domain", "src\Modules\Ticketing\Evently.Modules.Ticketing.Domain\Evently.Modules.Ticketing.Domain.csproj", "{5B6F7E49-7CE2-41EF-84F4-D01114FD79B0}"
EndProject
Project("{FAE04EC0-301F-11D3-BF4B-00C04F79EFBC}") = "Evently.Modules.Ticketing.Infrastructure", "src\Modules\Ticketing\Evently.Modules.Ticketing.Infrastructure\Evently.Modules.Ticketing.Infrastructure.csproj", "{49C2F520-0A30-4A4D-8E60-6E0B5A817A9E}"
EndProject
Project("{FAE04EC0-301F-11D3-BF4B-00C04F79EFBC}") = "Evently.Modules.Ticketing.Presentation", "src\Modules\Ticketing\Evently.Modules.Ticketing.Presentation\Evently.Modules.Ticketing.Presentation.csproj", "{308004EA-B6D6-46C5-AC89-A7B3E83E08A2}"
EndProject
Project("{FAE04EC0-301F-11D3-BF4B-00C04F79EFBC}") = "Evently.Modules.Users.IntegrationEvents", "src\Modules\Users\Evently.Modules.Users.IntegrationEvents\Evently.Modules.Users.IntegrationEvents.csproj", "{A9AEDC53-2E57-4E50-B867-5593AC4A3A7D}"
EndProject
Project("{2150E333-8FDC-42A3-9474-1A3956D46DE8}") = "Attendance", "Attendance", "{EBF33C0C-3D9F-484B-B816-2E81DDD5B072}"
EndProject
Project("{FAE04EC0-301F-11D3-BF4B-00C04F79EFBC}") = "Evently.Modules.Attendance.Application", "src\Modules\Attendance\Evently.Modules.Attendance.Application\Evently.Modules.Attendance.Application.csproj", "{A0168CA3-6297-4436-93CB-791B42724653}"
EndProject
Project("{FAE04EC0-301F-11D3-BF4B-00C04F79EFBC}") = "Evently.Modules.Attendance.Domain", "src\Modules\Attendance\Evently.Modules.Attendance.Domain\Evently.Modules.Attendance.Domain.csproj", "{7901F37C-58D5-4799-B485-ED11C7D3B347}"
EndProject
Project("{FAE04EC0-301F-11D3-BF4B-00C04F79EFBC}") = "Evently.Modules.Attendance.Infrastructure", "src\Modules\Attendance\Evently.Modules.Attendance.Infrastructure\Evently.Modules.Attendance.Infrastructure.csproj", "{DCB144D1-2545-4BFB-BDC1-FFA0951CFE01}"
EndProject
Project("{FAE04EC0-301F-11D3-BF4B-00C04F79EFBC}") = "Evently.Modules.Attendance.IntegrationEvents", "src\Modules\Attendance\Evently.Modules.Attendance.IntegrationEvents\Evently.Modules.Attendance.IntegrationEvents.csproj", "{BF13AD97-C7A0-4586-8F90-ECA2A9406F47}"
EndProject
Project("{FAE04EC0-301F-11D3-BF4B-00C04F79EFBC}") = "Evently.Modules.Attendance.Presentation", "src\Modules\Attendance\Evently.Modules.Attendance.Presentation\Evently.Modules.Attendance.Presentation.csproj", "{15E4DD4E-1497-4E34-B0B7-367EED91CCEB}"
EndProject
Project("{FAE04EC0-301F-11D3-BF4B-00C04F79EFBC}") = "Evently.Modules.Ticketing.IntegrationEvents", "src\Modules\Ticketing\Evently.Modules.Ticketing.IntegrationEvents\Evently.Modules.Ticketing.IntegrationEvents.csproj", "{4B7B19D0-9A9D-4807-9AF1-251F8111567D}"
EndProject
Project("{FAE04EC0-301F-11D3-BF4B-00C04F79EFBC}") = "Evently.Modules.Events.IntegrationEvents", "src\Modules\Events\Evently.Modules.Events.IntegrationEvents\Evently.Modules.Events.IntegrationEvents.csproj", "{3E48297E-0C70-46B9-A748-9B4F81D0020C}"
EndProject
Project("{2150E333-8FDC-42A3-9474-1A3956D46DE8}") = "test", "test", "{1C87040B-E88A-40B7-A09B-ED240E94EC74}"
EndProject
Project("{FAE04EC0-301F-11D3-BF4B-00C04F79EFBC}") = "Evently.ArchitectureTests", "test\Evently.ArchitectureTests\Evently.ArchitectureTests.csproj", "{5256D13F-FB57-40F9-ACC3-BCB1B2C5D9F3}"
EndProject
Project("{2150E333-8FDC-42A3-9474-1A3956D46DE8}") = "test", "test", "{F66A1E3B-E69F-4F8A-98F7-A9C79F1E51EE}"
EndProject
Project("{FAE04EC0-301F-11D3-BF4B-00C04F79EFBC}") = "Evently.Modules.Users.ArchitectureTests", "src\Modules\Users\Evently.Modules.Users.ArchitectureTests\Evently.Modules.Users.ArchitectureTests.csproj", "{4C49CC8B-6CCD-4C21-8B7E-FFC59846D5CF}"
EndProject
Project("{2150E333-8FDC-42A3-9474-1A3956D46DE8}") = "test", "test", "{C2856E6D-AB40-4E92-BBC6-3A1E4299351C}"
EndProject
Project("{2150E333-8FDC-42A3-9474-1A3956D46DE8}") = "test", "test", "{4FF4E3DA-2583-46DC-ABBD-A661F0BC244E}"
EndProject
Project("{2150E333-8FDC-42A3-9474-1A3956D46DE8}") = "test", "test", "{EBD2BC1A-AC8B-4714-BE6E-02B477DF30BD}"
EndProject
Project("{FAE04EC0-301F-11D3-BF4B-00C04F79EFBC}") = "Evently.Modules.Ticketing.ArchitectureTests", "src\Modules\Ticketing\Evently.Modules.Ticketing.ArchitectureTests\Evently.Modules.Ticketing.ArchitectureTests.csproj", "{4776A700-A18D-46F0-B785-983A0AC47E45}"
EndProject
Project("{FAE04EC0-301F-11D3-BF4B-00C04F79EFBC}") = "Evently.Modules.Events.ArchitectureTests", "src\Modules\Events\Evently.Modules.Events.ArchitectureTests\Evently.Modules.Events.ArchitectureTests.csproj", "{AA245E7F-A5E8-48DD-A36A-5D43362512DF}"
EndProject
Project("{FAE04EC0-301F-11D3-BF4B-00C04F79EFBC}") = "Evently.Modules.Attendance.ArchitectureTests", "src\Modules\Attendance\Evently.Modules.Attendance.ArchitectureTests\Evently.Modules.Attendance.ArchitectureTests.csproj", "{16D34A01-B936-49BA-9652-1BBD2BBC1A78}"
EndProject
Project("{FAE04EC0-301F-11D3-BF4B-00C04F79EFBC}") = "Evently.Modules.Attendance.IntegrationTests", "src\Modules\Attendance\Evently.Modules.Attendance.IntegrationTests\Evently.Modules.Attendance.IntegrationTests.csproj", "{5D4DB389-3B76-4201-B3F8-E96F3BF156D9}"
EndProject
Project("{FAE04EC0-301F-11D3-BF4B-00C04F79EFBC}") = "Evently.Modules.Attendance.UnitTests", "src\Modules\Attendance\Evently.Modules.Attendance.UnitTest\Evently.Modules.Attendance.UnitTests.csproj", "{15A620B3-6939-46C2-BFB7-AACA5BB8E3B6}"
EndProject
Project("{FAE04EC0-301F-11D3-BF4B-00C04F79EFBC}") = "Evently.Modules.Events.IntegrationTests", "src\Modules\Events\Evently.Modules.Events.IntegrationTests\Evently.Modules.Events.IntegrationTests.csproj", "{149128EB-D3DC-4D46-8855-DE104B3343F4}"
EndProject
Project("{FAE04EC0-301F-11D3-BF4B-00C04F79EFBC}") = "Evently.Modules.Events.UnitTests", "src\Modules\Events\Evently.Modules.Events.UnitTests\Evently.Modules.Events.UnitTests.csproj", "{1B68B271-BDA4-414F-B350-995F4F9FAFF1}"
EndProject
Project("{FAE04EC0-301F-11D3-BF4B-00C04F79EFBC}") = "Evently.Modules.Ticketing.IntegrationTests", "src\Modules\Ticketing\Evently.Modules.Ticketing.IntegrationTests\Evently.Modules.Ticketing.IntegrationTests.csproj", "{0DDDA22E-EDC9-491B-86B6-BF1EBFAE8062}"
EndProject
Project("{FAE04EC0-301F-11D3-BF4B-00C04F79EFBC}") = "Evently.Modules.Ticketing.UnitTests", "src\Modules\Ticketing\Evently.Modules.Ticketing.UnitTests\Evently.Modules.Ticketing.UnitTests.csproj", "{C579A9B2-6C00-4336-9CCA-756EC11F51A5}"
EndProject
Project("{FAE04EC0-301F-11D3-BF4B-00C04F79EFBC}") = "Evently.Modules.Users.IntegrationTests", "src\Modules\Users\Evently.Modules.Users.IntegrationTests\Evently.Modules.Users.IntegrationTests.csproj", "{E146475C-3AF2-4955-97B9-8EFE0703F145}"
EndProject
Project("{FAE04EC0-301F-11D3-BF4B-00C04F79EFBC}") = "Evently.Modules.Users.UnitTests", "src\Modules\Users\Evently.Modules.Users.UnitTests\Evently.Modules.Users.UnitTests.csproj", "{F644B952-3B1D-4D72-898D-E712ED8E443F}"
EndProject
Project("{FAE04EC0-301F-11D3-BF4B-00C04F79EFBC}") = "Evently.IntegrationTests", "test\Evently.IntegrationTests\Evently.IntegrationTests.csproj", "{398FEE66-9C0E-47B8-A09F-D5EAAB57A2A4}"
EndProject
Project("{FAE04EC0-301F-11D3-BF4B-00C04F79EFBC}") = "Evently.Gateway", "src\API\Evently.Gateway\Evently.Gateway.csproj", "{D1236F52-A743-4679-BB81-11236F6BE04D}"
EndProject
Global
	GlobalSection(SolutionConfigurationPlatforms) = preSolution
		Debug|Any CPU = Debug|Any CPU
		Release|Any CPU = Release|Any CPU
	EndGlobalSection
	GlobalSection(ProjectConfigurationPlatforms) = postSolution
		{B0E9FD30-8E0A-48CD-93BB-BEDF00ABEAB7}.Debug|Any CPU.ActiveCfg = Debug|Any CPU
		{B0E9FD30-8E0A-48CD-93BB-BEDF00ABEAB7}.Debug|Any CPU.Build.0 = Debug|Any CPU
		{B0E9FD30-8E0A-48CD-93BB-BEDF00ABEAB7}.Release|Any CPU.ActiveCfg = Release|Any CPU
		{B0E9FD30-8E0A-48CD-93BB-BEDF00ABEAB7}.Release|Any CPU.Build.0 = Release|Any CPU
		{7748B0FB-DBC2-4674-B422-A338C39EB6CF}.Debug|Any CPU.ActiveCfg = Debug|Any CPU
		{7748B0FB-DBC2-4674-B422-A338C39EB6CF}.Debug|Any CPU.Build.0 = Debug|Any CPU
		{7748B0FB-DBC2-4674-B422-A338C39EB6CF}.Release|Any CPU.ActiveCfg = Release|Any CPU
		{7748B0FB-DBC2-4674-B422-A338C39EB6CF}.Release|Any CPU.Build.0 = Release|Any CPU
		{7A6EBAF2-345C-4308-8B52-23E413EFF781}.Debug|Any CPU.ActiveCfg = Debug|Any CPU
		{7A6EBAF2-345C-4308-8B52-23E413EFF781}.Debug|Any CPU.Build.0 = Debug|Any CPU
		{7A6EBAF2-345C-4308-8B52-23E413EFF781}.Release|Any CPU.ActiveCfg = Release|Any CPU
		{7A6EBAF2-345C-4308-8B52-23E413EFF781}.Release|Any CPU.Build.0 = Release|Any CPU
		{5A202AE4-4065-4024-889E-87620426DF97}.Debug|Any CPU.ActiveCfg = Debug|Any CPU
		{5A202AE4-4065-4024-889E-87620426DF97}.Debug|Any CPU.Build.0 = Debug|Any CPU
		{5A202AE4-4065-4024-889E-87620426DF97}.Release|Any CPU.ActiveCfg = Release|Any CPU
		{5A202AE4-4065-4024-889E-87620426DF97}.Release|Any CPU.Build.0 = Release|Any CPU
		{309BAE62-7015-40FB-81AB-DDD0278B262A}.Debug|Any CPU.ActiveCfg = Debug|Any CPU
		{309BAE62-7015-40FB-81AB-DDD0278B262A}.Debug|Any CPU.Build.0 = Debug|Any CPU
		{309BAE62-7015-40FB-81AB-DDD0278B262A}.Release|Any CPU.ActiveCfg = Release|Any CPU
		{309BAE62-7015-40FB-81AB-DDD0278B262A}.Release|Any CPU.Build.0 = Release|Any CPU
		{26A9836F-3DB0-4D37-852A-5342932B3611}.Debug|Any CPU.ActiveCfg = Debug|Any CPU
		{26A9836F-3DB0-4D37-852A-5342932B3611}.Debug|Any CPU.Build.0 = Debug|Any CPU
		{26A9836F-3DB0-4D37-852A-5342932B3611}.Release|Any CPU.ActiveCfg = Release|Any CPU
		{26A9836F-3DB0-4D37-852A-5342932B3611}.Release|Any CPU.Build.0 = Release|Any CPU
		{3B521FB8-534A-4457-90C1-72F9D853EB82}.Debug|Any CPU.ActiveCfg = Debug|Any CPU
		{3B521FB8-534A-4457-90C1-72F9D853EB82}.Debug|Any CPU.Build.0 = Debug|Any CPU
		{3B521FB8-534A-4457-90C1-72F9D853EB82}.Release|Any CPU.ActiveCfg = Release|Any CPU
		{3B521FB8-534A-4457-90C1-72F9D853EB82}.Release|Any CPU.Build.0 = Release|Any CPU
		{AED527F7-4545-4B02-8F73-CB4D21A7B043}.Debug|Any CPU.ActiveCfg = Debug|Any CPU
		{AED527F7-4545-4B02-8F73-CB4D21A7B043}.Debug|Any CPU.Build.0 = Debug|Any CPU
		{AED527F7-4545-4B02-8F73-CB4D21A7B043}.Release|Any CPU.ActiveCfg = Release|Any CPU
		{AED527F7-4545-4B02-8F73-CB4D21A7B043}.Release|Any CPU.Build.0 = Release|Any CPU
		{A54CEABC-4CEA-4E9D-AC68-E017C8F0DC72}.Debug|Any CPU.ActiveCfg = Debug|Any CPU
		{A54CEABC-4CEA-4E9D-AC68-E017C8F0DC72}.Debug|Any CPU.Build.0 = Debug|Any CPU
		{A54CEABC-4CEA-4E9D-AC68-E017C8F0DC72}.Release|Any CPU.ActiveCfg = Release|Any CPU
		{A54CEABC-4CEA-4E9D-AC68-E017C8F0DC72}.Release|Any CPU.Build.0 = Release|Any CPU
		{92C6364F-40DC-4DEE-851C-757DB5FECBC1}.Debug|Any CPU.ActiveCfg = Debug|Any CPU
		{92C6364F-40DC-4DEE-851C-757DB5FECBC1}.Debug|Any CPU.Build.0 = Debug|Any CPU
		{92C6364F-40DC-4DEE-851C-757DB5FECBC1}.Release|Any CPU.ActiveCfg = Release|Any CPU
		{92C6364F-40DC-4DEE-851C-757DB5FECBC1}.Release|Any CPU.Build.0 = Release|Any CPU
		{9842F461-D18B-405D-84DD-E9438BBCB28B}.Debug|Any CPU.ActiveCfg = Debug|Any CPU
		{9842F461-D18B-405D-84DD-E9438BBCB28B}.Debug|Any CPU.Build.0 = Debug|Any CPU
		{9842F461-D18B-405D-84DD-E9438BBCB28B}.Release|Any CPU.ActiveCfg = Release|Any CPU
		{9842F461-D18B-405D-84DD-E9438BBCB28B}.Release|Any CPU.Build.0 = Release|Any CPU
		{9D79A7B5-7DA1-4DAF-BDD8-54EB9115D2E3}.Debug|Any CPU.ActiveCfg = Debug|Any CPU
		{9D79A7B5-7DA1-4DAF-BDD8-54EB9115D2E3}.Debug|Any CPU.Build.0 = Debug|Any CPU
		{9D79A7B5-7DA1-4DAF-BDD8-54EB9115D2E3}.Release|Any CPU.ActiveCfg = Release|Any CPU
		{9D79A7B5-7DA1-4DAF-BDD8-54EB9115D2E3}.Release|Any CPU.Build.0 = Release|Any CPU
		{CC475E56-3CBE-4D20-9ADE-F6511F7C5C45}.Debug|Any CPU.ActiveCfg = Debug|Any CPU
		{CC475E56-3CBE-4D20-9ADE-F6511F7C5C45}.Debug|Any CPU.Build.0 = Debug|Any CPU
		{CC475E56-3CBE-4D20-9ADE-F6511F7C5C45}.Release|Any CPU.ActiveCfg = Release|Any CPU
		{CC475E56-3CBE-4D20-9ADE-F6511F7C5C45}.Release|Any CPU.Build.0 = Release|Any CPU
		{E033D5F9-3031-4CA7-933F-879243D78A17}.Debug|Any CPU.ActiveCfg = Debug|Any CPU
		{E033D5F9-3031-4CA7-933F-879243D78A17}.Debug|Any CPU.Build.0 = Debug|Any CPU
		{E033D5F9-3031-4CA7-933F-879243D78A17}.Release|Any CPU.ActiveCfg = Release|Any CPU
		{E033D5F9-3031-4CA7-933F-879243D78A17}.Release|Any CPU.Build.0 = Release|Any CPU
		{43C473D8-03C4-4AA5-8A36-9D54B988BA65}.Debug|Any CPU.ActiveCfg = Debug|Any CPU
		{43C473D8-03C4-4AA5-8A36-9D54B988BA65}.Debug|Any CPU.Build.0 = Debug|Any CPU
		{43C473D8-03C4-4AA5-8A36-9D54B988BA65}.Release|Any CPU.ActiveCfg = Release|Any CPU
		{43C473D8-03C4-4AA5-8A36-9D54B988BA65}.Release|Any CPU.Build.0 = Release|Any CPU
		{5B6F7E49-7CE2-41EF-84F4-D01114FD79B0}.Debug|Any CPU.ActiveCfg = Debug|Any CPU
		{5B6F7E49-7CE2-41EF-84F4-D01114FD79B0}.Debug|Any CPU.Build.0 = Debug|Any CPU
		{5B6F7E49-7CE2-41EF-84F4-D01114FD79B0}.Release|Any CPU.ActiveCfg = Release|Any CPU
		{5B6F7E49-7CE2-41EF-84F4-D01114FD79B0}.Release|Any CPU.Build.0 = Release|Any CPU
		{49C2F520-0A30-4A4D-8E60-6E0B5A817A9E}.Debug|Any CPU.ActiveCfg = Debug|Any CPU
		{49C2F520-0A30-4A4D-8E60-6E0B5A817A9E}.Debug|Any CPU.Build.0 = Debug|Any CPU
		{49C2F520-0A30-4A4D-8E60-6E0B5A817A9E}.Release|Any CPU.ActiveCfg = Release|Any CPU
		{49C2F520-0A30-4A4D-8E60-6E0B5A817A9E}.Release|Any CPU.Build.0 = Release|Any CPU
		{308004EA-B6D6-46C5-AC89-A7B3E83E08A2}.Debug|Any CPU.ActiveCfg = Debug|Any CPU
		{308004EA-B6D6-46C5-AC89-A7B3E83E08A2}.Debug|Any CPU.Build.0 = Debug|Any CPU
		{308004EA-B6D6-46C5-AC89-A7B3E83E08A2}.Release|Any CPU.ActiveCfg = Release|Any CPU
		{308004EA-B6D6-46C5-AC89-A7B3E83E08A2}.Release|Any CPU.Build.0 = Release|Any CPU
		{A9AEDC53-2E57-4E50-B867-5593AC4A3A7D}.Debug|Any CPU.ActiveCfg = Debug|Any CPU
		{A9AEDC53-2E57-4E50-B867-5593AC4A3A7D}.Debug|Any CPU.Build.0 = Debug|Any CPU
		{A9AEDC53-2E57-4E50-B867-5593AC4A3A7D}.Release|Any CPU.ActiveCfg = Release|Any CPU
		{A9AEDC53-2E57-4E50-B867-5593AC4A3A7D}.Release|Any CPU.Build.0 = Release|Any CPU
		{A0168CA3-6297-4436-93CB-791B42724653}.Debug|Any CPU.ActiveCfg = Debug|Any CPU
		{A0168CA3-6297-4436-93CB-791B42724653}.Debug|Any CPU.Build.0 = Debug|Any CPU
		{A0168CA3-6297-4436-93CB-791B42724653}.Release|Any CPU.ActiveCfg = Release|Any CPU
		{A0168CA3-6297-4436-93CB-791B42724653}.Release|Any CPU.Build.0 = Release|Any CPU
		{7901F37C-58D5-4799-B485-ED11C7D3B347}.Debug|Any CPU.ActiveCfg = Debug|Any CPU
		{7901F37C-58D5-4799-B485-ED11C7D3B347}.Debug|Any CPU.Build.0 = Debug|Any CPU
		{7901F37C-58D5-4799-B485-ED11C7D3B347}.Release|Any CPU.ActiveCfg = Release|Any CPU
		{7901F37C-58D5-4799-B485-ED11C7D3B347}.Release|Any CPU.Build.0 = Release|Any CPU
		{DCB144D1-2545-4BFB-BDC1-FFA0951CFE01}.Debug|Any CPU.ActiveCfg = Debug|Any CPU
		{DCB144D1-2545-4BFB-BDC1-FFA0951CFE01}.Debug|Any CPU.Build.0 = Debug|Any CPU
		{DCB144D1-2545-4BFB-BDC1-FFA0951CFE01}.Release|Any CPU.ActiveCfg = Release|Any CPU
		{DCB144D1-2545-4BFB-BDC1-FFA0951CFE01}.Release|Any CPU.Build.0 = Release|Any CPU
		{BF13AD97-C7A0-4586-8F90-ECA2A9406F47}.Debug|Any CPU.ActiveCfg = Debug|Any CPU
		{BF13AD97-C7A0-4586-8F90-ECA2A9406F47}.Debug|Any CPU.Build.0 = Debug|Any CPU
		{BF13AD97-C7A0-4586-8F90-ECA2A9406F47}.Release|Any CPU.ActiveCfg = Release|Any CPU
		{BF13AD97-C7A0-4586-8F90-ECA2A9406F47}.Release|Any CPU.Build.0 = Release|Any CPU
		{15E4DD4E-1497-4E34-B0B7-367EED91CCEB}.Debug|Any CPU.ActiveCfg = Debug|Any CPU
		{15E4DD4E-1497-4E34-B0B7-367EED91CCEB}.Debug|Any CPU.Build.0 = Debug|Any CPU
		{15E4DD4E-1497-4E34-B0B7-367EED91CCEB}.Release|Any CPU.ActiveCfg = Release|Any CPU
		{15E4DD4E-1497-4E34-B0B7-367EED91CCEB}.Release|Any CPU.Build.0 = Release|Any CPU
		{4B7B19D0-9A9D-4807-9AF1-251F8111567D}.Debug|Any CPU.ActiveCfg = Debug|Any CPU
		{4B7B19D0-9A9D-4807-9AF1-251F8111567D}.Debug|Any CPU.Build.0 = Debug|Any CPU
		{4B7B19D0-9A9D-4807-9AF1-251F8111567D}.Release|Any CPU.ActiveCfg = Release|Any CPU
		{4B7B19D0-9A9D-4807-9AF1-251F8111567D}.Release|Any CPU.Build.0 = Release|Any CPU
		{3E48297E-0C70-46B9-A748-9B4F81D0020C}.Debug|Any CPU.ActiveCfg = Debug|Any CPU
		{3E48297E-0C70-46B9-A748-9B4F81D0020C}.Debug|Any CPU.Build.0 = Debug|Any CPU
		{3E48297E-0C70-46B9-A748-9B4F81D0020C}.Release|Any CPU.ActiveCfg = Release|Any CPU
		{3E48297E-0C70-46B9-A748-9B4F81D0020C}.Release|Any CPU.Build.0 = Release|Any CPU
		{5256D13F-FB57-40F9-ACC3-BCB1B2C5D9F3}.Debug|Any CPU.ActiveCfg = Debug|Any CPU
		{5256D13F-FB57-40F9-ACC3-BCB1B2C5D9F3}.Debug|Any CPU.Build.0 = Debug|Any CPU
		{5256D13F-FB57-40F9-ACC3-BCB1B2C5D9F3}.Release|Any CPU.ActiveCfg = Release|Any CPU
		{5256D13F-FB57-40F9-ACC3-BCB1B2C5D9F3}.Release|Any CPU.Build.0 = Release|Any CPU
		{4C49CC8B-6CCD-4C21-8B7E-FFC59846D5CF}.Debug|Any CPU.ActiveCfg = Debug|Any CPU
		{4C49CC8B-6CCD-4C21-8B7E-FFC59846D5CF}.Debug|Any CPU.Build.0 = Debug|Any CPU
		{4C49CC8B-6CCD-4C21-8B7E-FFC59846D5CF}.Release|Any CPU.ActiveCfg = Release|Any CPU
		{4C49CC8B-6CCD-4C21-8B7E-FFC59846D5CF}.Release|Any CPU.Build.0 = Release|Any CPU
		{4776A700-A18D-46F0-B785-983A0AC47E45}.Debug|Any CPU.ActiveCfg = Debug|Any CPU
		{4776A700-A18D-46F0-B785-983A0AC47E45}.Debug|Any CPU.Build.0 = Debug|Any CPU
		{4776A700-A18D-46F0-B785-983A0AC47E45}.Release|Any CPU.ActiveCfg = Release|Any CPU
		{4776A700-A18D-46F0-B785-983A0AC47E45}.Release|Any CPU.Build.0 = Release|Any CPU
		{AA245E7F-A5E8-48DD-A36A-5D43362512DF}.Debug|Any CPU.ActiveCfg = Debug|Any CPU
		{AA245E7F-A5E8-48DD-A36A-5D43362512DF}.Debug|Any CPU.Build.0 = Debug|Any CPU
		{AA245E7F-A5E8-48DD-A36A-5D43362512DF}.Release|Any CPU.ActiveCfg = Release|Any CPU
		{AA245E7F-A5E8-48DD-A36A-5D43362512DF}.Release|Any CPU.Build.0 = Release|Any CPU
		{16D34A01-B936-49BA-9652-1BBD2BBC1A78}.Debug|Any CPU.ActiveCfg = Debug|Any CPU
		{16D34A01-B936-49BA-9652-1BBD2BBC1A78}.Debug|Any CPU.Build.0 = Debug|Any CPU
		{16D34A01-B936-49BA-9652-1BBD2BBC1A78}.Release|Any CPU.ActiveCfg = Release|Any CPU
		{16D34A01-B936-49BA-9652-1BBD2BBC1A78}.Release|Any CPU.Build.0 = Release|Any CPU
		{5D4DB389-3B76-4201-B3F8-E96F3BF156D9}.Debug|Any CPU.ActiveCfg = Debug|Any CPU
		{5D4DB389-3B76-4201-B3F8-E96F3BF156D9}.Debug|Any CPU.Build.0 = Debug|Any CPU
		{5D4DB389-3B76-4201-B3F8-E96F3BF156D9}.Release|Any CPU.ActiveCfg = Release|Any CPU
		{5D4DB389-3B76-4201-B3F8-E96F3BF156D9}.Release|Any CPU.Build.0 = Release|Any CPU
		{15A620B3-6939-46C2-BFB7-AACA5BB8E3B6}.Debug|Any CPU.ActiveCfg = Debug|Any CPU
		{15A620B3-6939-46C2-BFB7-AACA5BB8E3B6}.Debug|Any CPU.Build.0 = Debug|Any CPU
		{15A620B3-6939-46C2-BFB7-AACA5BB8E3B6}.Release|Any CPU.ActiveCfg = Release|Any CPU
		{15A620B3-6939-46C2-BFB7-AACA5BB8E3B6}.Release|Any CPU.Build.0 = Release|Any CPU
		{149128EB-D3DC-4D46-8855-DE104B3343F4}.Debug|Any CPU.ActiveCfg = Debug|Any CPU
		{149128EB-D3DC-4D46-8855-DE104B3343F4}.Debug|Any CPU.Build.0 = Debug|Any CPU
		{149128EB-D3DC-4D46-8855-DE104B3343F4}.Release|Any CPU.ActiveCfg = Release|Any CPU
		{149128EB-D3DC-4D46-8855-DE104B3343F4}.Release|Any CPU.Build.0 = Release|Any CPU
		{1B68B271-BDA4-414F-B350-995F4F9FAFF1}.Debug|Any CPU.ActiveCfg = Debug|Any CPU
		{1B68B271-BDA4-414F-B350-995F4F9FAFF1}.Debug|Any CPU.Build.0 = Debug|Any CPU
		{1B68B271-BDA4-414F-B350-995F4F9FAFF1}.Release|Any CPU.ActiveCfg = Release|Any CPU
		{1B68B271-BDA4-414F-B350-995F4F9FAFF1}.Release|Any CPU.Build.0 = Release|Any CPU
		{0DDDA22E-EDC9-491B-86B6-BF1EBFAE8062}.Debug|Any CPU.ActiveCfg = Debug|Any CPU
		{0DDDA22E-EDC9-491B-86B6-BF1EBFAE8062}.Debug|Any CPU.Build.0 = Debug|Any CPU
		{0DDDA22E-EDC9-491B-86B6-BF1EBFAE8062}.Release|Any CPU.ActiveCfg = Release|Any CPU
		{0DDDA22E-EDC9-491B-86B6-BF1EBFAE8062}.Release|Any CPU.Build.0 = Release|Any CPU
		{C579A9B2-6C00-4336-9CCA-756EC11F51A5}.Debug|Any CPU.ActiveCfg = Debug|Any CPU
		{C579A9B2-6C00-4336-9CCA-756EC11F51A5}.Debug|Any CPU.Build.0 = Debug|Any CPU
		{C579A9B2-6C00-4336-9CCA-756EC11F51A5}.Release|Any CPU.ActiveCfg = Release|Any CPU
		{C579A9B2-6C00-4336-9CCA-756EC11F51A5}.Release|Any CPU.Build.0 = Release|Any CPU
		{E146475C-3AF2-4955-97B9-8EFE0703F145}.Debug|Any CPU.ActiveCfg = Debug|Any CPU
		{E146475C-3AF2-4955-97B9-8EFE0703F145}.Debug|Any CPU.Build.0 = Debug|Any CPU
		{E146475C-3AF2-4955-97B9-8EFE0703F145}.Release|Any CPU.ActiveCfg = Release|Any CPU
		{E146475C-3AF2-4955-97B9-8EFE0703F145}.Release|Any CPU.Build.0 = Release|Any CPU
		{F644B952-3B1D-4D72-898D-E712ED8E443F}.Debug|Any CPU.ActiveCfg = Debug|Any CPU
		{F644B952-3B1D-4D72-898D-E712ED8E443F}.Debug|Any CPU.Build.0 = Debug|Any CPU
		{F644B952-3B1D-4D72-898D-E712ED8E443F}.Release|Any CPU.ActiveCfg = Release|Any CPU
		{F644B952-3B1D-4D72-898D-E712ED8E443F}.Release|Any CPU.Build.0 = Release|Any CPU
		{398FEE66-9C0E-47B8-A09F-D5EAAB57A2A4}.Debug|Any CPU.ActiveCfg = Debug|Any CPU
		{398FEE66-9C0E-47B8-A09F-D5EAAB57A2A4}.Debug|Any CPU.Build.0 = Debug|Any CPU
		{398FEE66-9C0E-47B8-A09F-D5EAAB57A2A4}.Release|Any CPU.ActiveCfg = Release|Any CPU
		{398FEE66-9C0E-47B8-A09F-D5EAAB57A2A4}.Release|Any CPU.Build.0 = Release|Any CPU
		{D1236F52-A743-4679-BB81-11236F6BE04D}.Debug|Any CPU.ActiveCfg = Debug|Any CPU
		{D1236F52-A743-4679-BB81-11236F6BE04D}.Debug|Any CPU.Build.0 = Debug|Any CPU
		{D1236F52-A743-4679-BB81-11236F6BE04D}.Release|Any CPU.ActiveCfg = Release|Any CPU
		{D1236F52-A743-4679-BB81-11236F6BE04D}.Release|Any CPU.Build.0 = Release|Any CPU
	EndGlobalSection
	GlobalSection(SolutionProperties) = preSolution
		HideSolutionNode = FALSE
	EndGlobalSection
	GlobalSection(NestedProjects) = preSolution
		{C4B448A7-8670-425E-B3F5-60A6504B4AA0} = {16F4D176-E8FC-4F54-8C35-3AA0589638C9}
		{2CA509E9-F26F-47B9-8895-1B3D75B9CD6A} = {16F4D176-E8FC-4F54-8C35-3AA0589638C9}
		{834033DA-E769-4830-B924-FE48D1ED27BF} = {2CA509E9-F26F-47B9-8895-1B3D75B9CD6A}
		{B0E9FD30-8E0A-48CD-93BB-BEDF00ABEAB7} = {C4B448A7-8670-425E-B3F5-60A6504B4AA0}
		{7A6EBAF2-345C-4308-8B52-23E413EFF781} = {834033DA-E769-4830-B924-FE48D1ED27BF}
		{5A202AE4-4065-4024-889E-87620426DF97} = {834033DA-E769-4830-B924-FE48D1ED27BF}
		{309BAE62-7015-40FB-81AB-DDD0278B262A} = {834033DA-E769-4830-B924-FE48D1ED27BF}
		{26A9836F-3DB0-4D37-852A-5342932B3611} = {834033DA-E769-4830-B924-FE48D1ED27BF}
		{C743F4F0-D0F7-474F-9D24-C24430E856F9} = {16F4D176-E8FC-4F54-8C35-3AA0589638C9}
		{3B521FB8-534A-4457-90C1-72F9D853EB82} = {C743F4F0-D0F7-474F-9D24-C24430E856F9}
		{AED527F7-4545-4B02-8F73-CB4D21A7B043} = {C743F4F0-D0F7-474F-9D24-C24430E856F9}
		{A54CEABC-4CEA-4E9D-AC68-E017C8F0DC72} = {C743F4F0-D0F7-474F-9D24-C24430E856F9}
		{92C6364F-40DC-4DEE-851C-757DB5FECBC1} = {C743F4F0-D0F7-474F-9D24-C24430E856F9}
		{1D4AE57F-07FB-4AD7-AD23-495153664C28} = {2CA509E9-F26F-47B9-8895-1B3D75B9CD6A}
		{9842F461-D18B-405D-84DD-E9438BBCB28B} = {1D4AE57F-07FB-4AD7-AD23-495153664C28}
		{9D79A7B5-7DA1-4DAF-BDD8-54EB9115D2E3} = {1D4AE57F-07FB-4AD7-AD23-495153664C28}
		{CC475E56-3CBE-4D20-9ADE-F6511F7C5C45} = {1D4AE57F-07FB-4AD7-AD23-495153664C28}
		{E033D5F9-3031-4CA7-933F-879243D78A17} = {1D4AE57F-07FB-4AD7-AD23-495153664C28}
		{91CA965A-15E3-4819-8A0B-45F014D617A4} = {2CA509E9-F26F-47B9-8895-1B3D75B9CD6A}
		{43C473D8-03C4-4AA5-8A36-9D54B988BA65} = {91CA965A-15E3-4819-8A0B-45F014D617A4}
		{5B6F7E49-7CE2-41EF-84F4-D01114FD79B0} = {91CA965A-15E3-4819-8A0B-45F014D617A4}
		{49C2F520-0A30-4A4D-8E60-6E0B5A817A9E} = {91CA965A-15E3-4819-8A0B-45F014D617A4}
		{308004EA-B6D6-46C5-AC89-A7B3E83E08A2} = {91CA965A-15E3-4819-8A0B-45F014D617A4}
		{A9AEDC53-2E57-4E50-B867-5593AC4A3A7D} = {1D4AE57F-07FB-4AD7-AD23-495153664C28}
		{EBF33C0C-3D9F-484B-B816-2E81DDD5B072} = {2CA509E9-F26F-47B9-8895-1B3D75B9CD6A}
		{A0168CA3-6297-4436-93CB-791B42724653} = {EBF33C0C-3D9F-484B-B816-2E81DDD5B072}
		{7901F37C-58D5-4799-B485-ED11C7D3B347} = {EBF33C0C-3D9F-484B-B816-2E81DDD5B072}
		{DCB144D1-2545-4BFB-BDC1-FFA0951CFE01} = {EBF33C0C-3D9F-484B-B816-2E81DDD5B072}
		{BF13AD97-C7A0-4586-8F90-ECA2A9406F47} = {EBF33C0C-3D9F-484B-B816-2E81DDD5B072}
		{15E4DD4E-1497-4E34-B0B7-367EED91CCEB} = {EBF33C0C-3D9F-484B-B816-2E81DDD5B072}
		{4B7B19D0-9A9D-4807-9AF1-251F8111567D} = {91CA965A-15E3-4819-8A0B-45F014D617A4}
		{3E48297E-0C70-46B9-A748-9B4F81D0020C} = {834033DA-E769-4830-B924-FE48D1ED27BF}
		{5256D13F-FB57-40F9-ACC3-BCB1B2C5D9F3} = {1C87040B-E88A-40B7-A09B-ED240E94EC74}
		{F66A1E3B-E69F-4F8A-98F7-A9C79F1E51EE} = {1D4AE57F-07FB-4AD7-AD23-495153664C28}
		{4C49CC8B-6CCD-4C21-8B7E-FFC59846D5CF} = {F66A1E3B-E69F-4F8A-98F7-A9C79F1E51EE}
		{C2856E6D-AB40-4E92-BBC6-3A1E4299351C} = {91CA965A-15E3-4819-8A0B-45F014D617A4}
		{4FF4E3DA-2583-46DC-ABBD-A661F0BC244E} = {834033DA-E769-4830-B924-FE48D1ED27BF}
		{EBD2BC1A-AC8B-4714-BE6E-02B477DF30BD} = {EBF33C0C-3D9F-484B-B816-2E81DDD5B072}
		{4776A700-A18D-46F0-B785-983A0AC47E45} = {C2856E6D-AB40-4E92-BBC6-3A1E4299351C}
		{AA245E7F-A5E8-48DD-A36A-5D43362512DF} = {4FF4E3DA-2583-46DC-ABBD-A661F0BC244E}
		{16D34A01-B936-49BA-9652-1BBD2BBC1A78} = {EBD2BC1A-AC8B-4714-BE6E-02B477DF30BD}
		{5D4DB389-3B76-4201-B3F8-E96F3BF156D9} = {EBD2BC1A-AC8B-4714-BE6E-02B477DF30BD}
		{15A620B3-6939-46C2-BFB7-AACA5BB8E3B6} = {EBD2BC1A-AC8B-4714-BE6E-02B477DF30BD}
		{149128EB-D3DC-4D46-8855-DE104B3343F4} = {4FF4E3DA-2583-46DC-ABBD-A661F0BC244E}
		{1B68B271-BDA4-414F-B350-995F4F9FAFF1} = {4FF4E3DA-2583-46DC-ABBD-A661F0BC244E}
		{0DDDA22E-EDC9-491B-86B6-BF1EBFAE8062} = {C2856E6D-AB40-4E92-BBC6-3A1E4299351C}
		{C579A9B2-6C00-4336-9CCA-756EC11F51A5} = {C2856E6D-AB40-4E92-BBC6-3A1E4299351C}
		{E146475C-3AF2-4955-97B9-8EFE0703F145} = {F66A1E3B-E69F-4F8A-98F7-A9C79F1E51EE}
		{F644B952-3B1D-4D72-898D-E712ED8E443F} = {F66A1E3B-E69F-4F8A-98F7-A9C79F1E51EE}
		{398FEE66-9C0E-47B8-A09F-D5EAAB57A2A4} = {1C87040B-E88A-40B7-A09B-ED240E94EC74}
		{D1236F52-A743-4679-BB81-11236F6BE04D} = {C4B448A7-8670-425E-B3F5-60A6504B4AA0}
	EndGlobalSection
EndGlobal
